// !$*UTF8*$!
{
	archiveVersion = 1;
	classes = {
	};
	objectVersion = 46;
	objects = {

/* Begin PBXBuildFile section */
		A1FAC84C1AE7B7FE0038943B /* main.cpp in Sources */ = {isa = PBXBuildFile; fileRef = A1FAC84B1AE7B7FE0038943B /* main.cpp */; };
		A1FAC9621AE7C21C0038943B /* libopencv_calib3d.2.4.11.dylib in Frameworks */ = {isa = PBXBuildFile; fileRef = A1FAC92B1AE7C21C0038943B /* libopencv_calib3d.2.4.11.dylib */; };
		A1FAC9631AE7C21C0038943B /* libopencv_calib3d.2.4.11.dylib in Frameworks */ = {isa = PBXBuildFile; fileRef = A1FAC92C1AE7C21C0038943B /* libopencv_calib3d.2.4.11.dylib */; };
		A1FAC9641AE7C21C0038943B /* libopencv_calib3d.2.4.11.dylib in Frameworks */ = {isa = PBXBuildFile; fileRef = A1FAC92D1AE7C21C0038943B /* libopencv_calib3d.2.4.11.dylib */; };
		A1FAC9651AE7C21C0038943B /* libopencv_contrib.2.4.11.dylib in Frameworks */ = {isa = PBXBuildFile; fileRef = A1FAC92E1AE7C21C0038943B /* libopencv_contrib.2.4.11.dylib */; };
		A1FAC9661AE7C21C0038943B /* libopencv_contrib.2.4.11.dylib in Frameworks */ = {isa = PBXBuildFile; fileRef = A1FAC92F1AE7C21C0038943B /* libopencv_contrib.2.4.11.dylib */; };
		A1FAC9671AE7C21C0038943B /* libopencv_contrib.2.4.11.dylib in Frameworks */ = {isa = PBXBuildFile; fileRef = A1FAC9301AE7C21C0038943B /* libopencv_contrib.2.4.11.dylib */; };
		A1FAC9681AE7C21C0038943B /* libopencv_core.2.4.11.dylib in Frameworks */ = {isa = PBXBuildFile; fileRef = A1FAC9311AE7C21C0038943B /* libopencv_core.2.4.11.dylib */; };
		A1FAC9691AE7C21C0038943B /* libopencv_core.2.4.11.dylib in Frameworks */ = {isa = PBXBuildFile; fileRef = A1FAC9321AE7C21C0038943B /* libopencv_core.2.4.11.dylib */; };
		A1FAC96A1AE7C21C0038943B /* libopencv_core.2.4.11.dylib in Frameworks */ = {isa = PBXBuildFile; fileRef = A1FAC9331AE7C21C0038943B /* libopencv_core.2.4.11.dylib */; };
		A1FAC96B1AE7C21C0038943B /* libopencv_features2d.2.4.11.dylib in Frameworks */ = {isa = PBXBuildFile; fileRef = A1FAC9341AE7C21C0038943B /* libopencv_features2d.2.4.11.dylib */; };
		A1FAC96C1AE7C21C0038943B /* libopencv_features2d.2.4.11.dylib in Frameworks */ = {isa = PBXBuildFile; fileRef = A1FAC9351AE7C21C0038943B /* libopencv_features2d.2.4.11.dylib */; };
		A1FAC96D1AE7C21C0038943B /* libopencv_features2d.2.4.11.dylib in Frameworks */ = {isa = PBXBuildFile; fileRef = A1FAC9361AE7C21C0038943B /* libopencv_features2d.2.4.11.dylib */; };
		A1FAC96E1AE7C21C0038943B /* libopencv_flann.2.4.11.dylib in Frameworks */ = {isa = PBXBuildFile; fileRef = A1FAC9371AE7C21C0038943B /* libopencv_flann.2.4.11.dylib */; };
		A1FAC96F1AE7C21C0038943B /* libopencv_flann.2.4.11.dylib in Frameworks */ = {isa = PBXBuildFile; fileRef = A1FAC9381AE7C21C0038943B /* libopencv_flann.2.4.11.dylib */; };
		A1FAC9701AE7C21C0038943B /* libopencv_flann.2.4.11.dylib in Frameworks */ = {isa = PBXBuildFile; fileRef = A1FAC9391AE7C21C0038943B /* libopencv_flann.2.4.11.dylib */; };
		A1FAC9711AE7C21C0038943B /* libopencv_gpu.2.4.11.dylib in Frameworks */ = {isa = PBXBuildFile; fileRef = A1FAC93A1AE7C21C0038943B /* libopencv_gpu.2.4.11.dylib */; };
		A1FAC9721AE7C21C0038943B /* libopencv_gpu.2.4.11.dylib in Frameworks */ = {isa = PBXBuildFile; fileRef = A1FAC93B1AE7C21C0038943B /* libopencv_gpu.2.4.11.dylib */; };
		A1FAC9731AE7C21C0038943B /* libopencv_gpu.2.4.11.dylib in Frameworks */ = {isa = PBXBuildFile; fileRef = A1FAC93C1AE7C21C0038943B /* libopencv_gpu.2.4.11.dylib */; };
		A1FAC9741AE7C21C0038943B /* libopencv_highgui.2.4.11.dylib in Frameworks */ = {isa = PBXBuildFile; fileRef = A1FAC93D1AE7C21C0038943B /* libopencv_highgui.2.4.11.dylib */; };
		A1FAC9751AE7C21C0038943B /* libopencv_highgui.2.4.11.dylib in Frameworks */ = {isa = PBXBuildFile; fileRef = A1FAC93E1AE7C21C0038943B /* libopencv_highgui.2.4.11.dylib */; };
		A1FAC9761AE7C21C0038943B /* libopencv_highgui.2.4.11.dylib in Frameworks */ = {isa = PBXBuildFile; fileRef = A1FAC93F1AE7C21C0038943B /* libopencv_highgui.2.4.11.dylib */; };
		A1FAC9771AE7C21C0038943B /* libopencv_imgproc.2.4.11.dylib in Frameworks */ = {isa = PBXBuildFile; fileRef = A1FAC9401AE7C21C0038943B /* libopencv_imgproc.2.4.11.dylib */; };
		A1FAC9781AE7C21C0038943B /* libopencv_imgproc.2.4.11.dylib in Frameworks */ = {isa = PBXBuildFile; fileRef = A1FAC9411AE7C21C0038943B /* libopencv_imgproc.2.4.11.dylib */; };
		A1FAC9791AE7C21C0038943B /* libopencv_imgproc.2.4.11.dylib in Frameworks */ = {isa = PBXBuildFile; fileRef = A1FAC9421AE7C21C0038943B /* libopencv_imgproc.2.4.11.dylib */; };
		A1FAC97A1AE7C21C0038943B /* libopencv_legacy.2.4.11.dylib in Frameworks */ = {isa = PBXBuildFile; fileRef = A1FAC9431AE7C21C0038943B /* libopencv_legacy.2.4.11.dylib */; };
		A1FAC97B1AE7C21C0038943B /* libopencv_legacy.2.4.11.dylib in Frameworks */ = {isa = PBXBuildFile; fileRef = A1FAC9441AE7C21C0038943B /* libopencv_legacy.2.4.11.dylib */; };
		A1FAC97C1AE7C21C0038943B /* libopencv_legacy.2.4.11.dylib in Frameworks */ = {isa = PBXBuildFile; fileRef = A1FAC9451AE7C21C0038943B /* libopencv_legacy.2.4.11.dylib */; };
		A1FAC97D1AE7C21C0038943B /* libopencv_ml.2.4.11.dylib in Frameworks */ = {isa = PBXBuildFile; fileRef = A1FAC9461AE7C21C0038943B /* libopencv_ml.2.4.11.dylib */; };
		A1FAC97E1AE7C21C0038943B /* libopencv_ml.2.4.11.dylib in Frameworks */ = {isa = PBXBuildFile; fileRef = A1FAC9471AE7C21C0038943B /* libopencv_ml.2.4.11.dylib */; };
		A1FAC97F1AE7C21C0038943B /* libopencv_ml.2.4.11.dylib in Frameworks */ = {isa = PBXBuildFile; fileRef = A1FAC9481AE7C21C0038943B /* libopencv_ml.2.4.11.dylib */; };
		A1FAC9801AE7C21C0038943B /* libopencv_nonfree.2.4.11.dylib in Frameworks */ = {isa = PBXBuildFile; fileRef = A1FAC9491AE7C21C0038943B /* libopencv_nonfree.2.4.11.dylib */; };
		A1FAC9811AE7C21C0038943B /* libopencv_nonfree.2.4.11.dylib in Frameworks */ = {isa = PBXBuildFile; fileRef = A1FAC94A1AE7C21C0038943B /* libopencv_nonfree.2.4.11.dylib */; };
		A1FAC9821AE7C21C0038943B /* libopencv_nonfree.2.4.11.dylib in Frameworks */ = {isa = PBXBuildFile; fileRef = A1FAC94B1AE7C21C0038943B /* libopencv_nonfree.2.4.11.dylib */; };
		A1FAC9831AE7C21C0038943B /* libopencv_objdetect.2.4.11.dylib in Frameworks */ = {isa = PBXBuildFile; fileRef = A1FAC94C1AE7C21C0038943B /* libopencv_objdetect.2.4.11.dylib */; };
		A1FAC9841AE7C21C0038943B /* libopencv_objdetect.2.4.11.dylib in Frameworks */ = {isa = PBXBuildFile; fileRef = A1FAC94D1AE7C21C0038943B /* libopencv_objdetect.2.4.11.dylib */; };
		A1FAC9851AE7C21C0038943B /* libopencv_objdetect.2.4.11.dylib in Frameworks */ = {isa = PBXBuildFile; fileRef = A1FAC94E1AE7C21C0038943B /* libopencv_objdetect.2.4.11.dylib */; };
		A1FAC9861AE7C21C0038943B /* libopencv_ocl.2.4.11.dylib in Frameworks */ = {isa = PBXBuildFile; fileRef = A1FAC94F1AE7C21C0038943B /* libopencv_ocl.2.4.11.dylib */; };
		A1FAC9871AE7C21C0038943B /* libopencv_ocl.2.4.11.dylib in Frameworks */ = {isa = PBXBuildFile; fileRef = A1FAC9501AE7C21C0038943B /* libopencv_ocl.2.4.11.dylib */; };
		A1FAC9881AE7C21C0038943B /* libopencv_ocl.2.4.11.dylib in Frameworks */ = {isa = PBXBuildFile; fileRef = A1FAC9511AE7C21C0038943B /* libopencv_ocl.2.4.11.dylib */; };
		A1FAC9891AE7C21C0038943B /* libopencv_photo.2.4.11.dylib in Frameworks */ = {isa = PBXBuildFile; fileRef = A1FAC9521AE7C21C0038943B /* libopencv_photo.2.4.11.dylib */; };
		A1FAC98A1AE7C21C0038943B /* libopencv_photo.2.4.11.dylib in Frameworks */ = {isa = PBXBuildFile; fileRef = A1FAC9531AE7C21C0038943B /* libopencv_photo.2.4.11.dylib */; };
		A1FAC98B1AE7C21C0038943B /* libopencv_photo.2.4.11.dylib in Frameworks */ = {isa = PBXBuildFile; fileRef = A1FAC9541AE7C21C0038943B /* libopencv_photo.2.4.11.dylib */; };
		A1FAC98C1AE7C21C0038943B /* libopencv_stitching.2.4.11.dylib in Frameworks */ = {isa = PBXBuildFile; fileRef = A1FAC9551AE7C21C0038943B /* libopencv_stitching.2.4.11.dylib */; };
		A1FAC98D1AE7C21C0038943B /* libopencv_stitching.2.4.11.dylib in Frameworks */ = {isa = PBXBuildFile; fileRef = A1FAC9561AE7C21C0038943B /* libopencv_stitching.2.4.11.dylib */; };
		A1FAC98E1AE7C21C0038943B /* libopencv_stitching.2.4.11.dylib in Frameworks */ = {isa = PBXBuildFile; fileRef = A1FAC9571AE7C21C0038943B /* libopencv_stitching.2.4.11.dylib */; };
		A1FAC98F1AE7C21C0038943B /* libopencv_superres.2.4.11.dylib in Frameworks */ = {isa = PBXBuildFile; fileRef = A1FAC9581AE7C21C0038943B /* libopencv_superres.2.4.11.dylib */; };
		A1FAC9901AE7C21C0038943B /* libopencv_superres.2.4.11.dylib in Frameworks */ = {isa = PBXBuildFile; fileRef = A1FAC9591AE7C21C0038943B /* libopencv_superres.2.4.11.dylib */; };
		A1FAC9911AE7C21C0038943B /* libopencv_superres.2.4.11.dylib in Frameworks */ = {isa = PBXBuildFile; fileRef = A1FAC95A1AE7C21C0038943B /* libopencv_superres.2.4.11.dylib */; };
		A1FAC9921AE7C21C0038943B /* libopencv_ts.a in Frameworks */ = {isa = PBXBuildFile; fileRef = A1FAC95B1AE7C21C0038943B /* libopencv_ts.a */; };
		A1FAC9931AE7C21C0038943B /* libopencv_video.2.4.11.dylib in Frameworks */ = {isa = PBXBuildFile; fileRef = A1FAC95C1AE7C21C0038943B /* libopencv_video.2.4.11.dylib */; };
		A1FAC9941AE7C21C0038943B /* libopencv_video.2.4.11.dylib in Frameworks */ = {isa = PBXBuildFile; fileRef = A1FAC95D1AE7C21C0038943B /* libopencv_video.2.4.11.dylib */; };
		A1FAC9951AE7C21C0038943B /* libopencv_video.2.4.11.dylib in Frameworks */ = {isa = PBXBuildFile; fileRef = A1FAC95E1AE7C21C0038943B /* libopencv_video.2.4.11.dylib */; };
		A1FAC9961AE7C21C0038943B /* libopencv_videostab.2.4.11.dylib in Frameworks */ = {isa = PBXBuildFile; fileRef = A1FAC95F1AE7C21C0038943B /* libopencv_videostab.2.4.11.dylib */; };
		A1FAC9971AE7C21C0038943B /* libopencv_videostab.2.4.11.dylib in Frameworks */ = {isa = PBXBuildFile; fileRef = A1FAC9601AE7C21C0038943B /* libopencv_videostab.2.4.11.dylib */; };
		A1FAC9981AE7C21C0038943B /* libopencv_videostab.2.4.11.dylib in Frameworks */ = {isa = PBXBuildFile; fileRef = A1FAC9611AE7C21C0038943B /* libopencv_videostab.2.4.11.dylib */; };
		A1FACA481AE7C3240038943B /* cv2.so in Frameworks */ = {isa = PBXBuildFile; fileRef = A1FACA471AE7C3240038943B /* cv2.so */; };
/* End PBXBuildFile section */

/* Begin PBXCopyFilesBuildPhase section */
		A1FAC83F1AE7B7CB0038943B /* CopyFiles */ = {
			isa = PBXCopyFilesBuildPhase;
			buildActionMask = 2147483647;
			dstPath = /usr/share/man/man1/;
			dstSubfolderSpec = 0;
			files = (
			);
			runOnlyForDeploymentPostprocessing = 1;
		};
/* End PBXCopyFilesBuildPhase section */

/* Begin PBXFileReference section */
		A1FAC8411AE7B7CB0038943B /* back */ = {isa = PBXFileReference; explicitFileType = "compiled.mach-o.executable"; includeInIndex = 0; path = back; sourceTree = BUILT_PRODUCTS_DIR; };
		A1FAC84B1AE7B7FE0038943B /* main.cpp */ = {isa = PBXFileReference; fileEncoding = 4; lastKnownFileType = sourcecode.cpp.cpp; path = main.cpp; sourceTree = SOURCE_ROOT; };
		A1FAC92B1AE7C21C0038943B /* libopencv_calib3d.2.4.11.dylib */ = {isa = PBXFileReference; lastKnownFileType = "compiled.mach-o.dylib"; name = libopencv_calib3d.2.4.11.dylib; path = ../../../../usr/local/Cellar/opencv/2.4.11/lib/libopencv_calib3d.2.4.11.dylib; sourceTree = "<group>"; };
		A1FAC92C1AE7C21C0038943B /* libopencv_calib3d.2.4.11.dylib */ = {isa = PBXFileReference; lastKnownFileType = "compiled.mach-o.dylib"; name = libopencv_calib3d.2.4.11.dylib; path = ../../../../usr/local/Cellar/opencv/2.4.11/lib/libopencv_calib3d.2.4.11.dylib; sourceTree = "<group>"; };
		A1FAC92D1AE7C21C0038943B /* libopencv_calib3d.2.4.11.dylib */ = {isa = PBXFileReference; lastKnownFileType = "compiled.mach-o.dylib"; name = libopencv_calib3d.2.4.11.dylib; path = ../../../../usr/local/Cellar/opencv/2.4.11/lib/libopencv_calib3d.2.4.11.dylib; sourceTree = "<group>"; };
		A1FAC92E1AE7C21C0038943B /* libopencv_contrib.2.4.11.dylib */ = {isa = PBXFileReference; lastKnownFileType = "compiled.mach-o.dylib"; name = libopencv_contrib.2.4.11.dylib; path = ../../../../usr/local/Cellar/opencv/2.4.11/lib/libopencv_contrib.2.4.11.dylib; sourceTree = "<group>"; };
		A1FAC92F1AE7C21C0038943B /* libopencv_contrib.2.4.11.dylib */ = {isa = PBXFileReference; lastKnownFileType = "compiled.mach-o.dylib"; name = libopencv_contrib.2.4.11.dylib; path = ../../../../usr/local/Cellar/opencv/2.4.11/lib/libopencv_contrib.2.4.11.dylib; sourceTree = "<group>"; };
		A1FAC9301AE7C21C0038943B /* libopencv_contrib.2.4.11.dylib */ = {isa = PBXFileReference; lastKnownFileType = "compiled.mach-o.dylib"; name = libopencv_contrib.2.4.11.dylib; path = ../../../../usr/local/Cellar/opencv/2.4.11/lib/libopencv_contrib.2.4.11.dylib; sourceTree = "<group>"; };
		A1FAC9311AE7C21C0038943B /* libopencv_core.2.4.11.dylib */ = {isa = PBXFileReference; lastKnownFileType = "compiled.mach-o.dylib"; name = libopencv_core.2.4.11.dylib; path = ../../../../usr/local/Cellar/opencv/2.4.11/lib/libopencv_core.2.4.11.dylib; sourceTree = "<group>"; };
		A1FAC9321AE7C21C0038943B /* libopencv_core.2.4.11.dylib */ = {isa = PBXFileReference; lastKnownFileType = "compiled.mach-o.dylib"; name = libopencv_core.2.4.11.dylib; path = ../../../../usr/local/Cellar/opencv/2.4.11/lib/libopencv_core.2.4.11.dylib; sourceTree = "<group>"; };
		A1FAC9331AE7C21C0038943B /* libopencv_core.2.4.11.dylib */ = {isa = PBXFileReference; lastKnownFileType = "compiled.mach-o.dylib"; name = libopencv_core.2.4.11.dylib; path = ../../../../usr/local/Cellar/opencv/2.4.11/lib/libopencv_core.2.4.11.dylib; sourceTree = "<group>"; };
		A1FAC9341AE7C21C0038943B /* libopencv_features2d.2.4.11.dylib */ = {isa = PBXFileReference; lastKnownFileType = "compiled.mach-o.dylib"; name = libopencv_features2d.2.4.11.dylib; path = ../../../../usr/local/Cellar/opencv/2.4.11/lib/libopencv_features2d.2.4.11.dylib; sourceTree = "<group>"; };
		A1FAC9351AE7C21C0038943B /* libopencv_features2d.2.4.11.dylib */ = {isa = PBXFileReference; lastKnownFileType = "compiled.mach-o.dylib"; name = libopencv_features2d.2.4.11.dylib; path = ../../../../usr/local/Cellar/opencv/2.4.11/lib/libopencv_features2d.2.4.11.dylib; sourceTree = "<group>"; };
		A1FAC9361AE7C21C0038943B /* libopencv_features2d.2.4.11.dylib */ = {isa = PBXFileReference; lastKnownFileType = "compiled.mach-o.dylib"; name = libopencv_features2d.2.4.11.dylib; path = ../../../../usr/local/Cellar/opencv/2.4.11/lib/libopencv_features2d.2.4.11.dylib; sourceTree = "<group>"; };
		A1FAC9371AE7C21C0038943B /* libopencv_flann.2.4.11.dylib */ = {isa = PBXFileReference; lastKnownFileType = "compiled.mach-o.dylib"; name = libopencv_flann.2.4.11.dylib; path = ../../../../usr/local/Cellar/opencv/2.4.11/lib/libopencv_flann.2.4.11.dylib; sourceTree = "<group>"; };
		A1FAC9381AE7C21C0038943B /* libopencv_flann.2.4.11.dylib */ = {isa = PBXFileReference; lastKnownFileType = "compiled.mach-o.dylib"; name = libopencv_flann.2.4.11.dylib; path = ../../../../usr/local/Cellar/opencv/2.4.11/lib/libopencv_flann.2.4.11.dylib; sourceTree = "<group>"; };
		A1FAC9391AE7C21C0038943B /* libopencv_flann.2.4.11.dylib */ = {isa = PBXFileReference; lastKnownFileType = "compiled.mach-o.dylib"; name = libopencv_flann.2.4.11.dylib; path = ../../../../usr/local/Cellar/opencv/2.4.11/lib/libopencv_flann.2.4.11.dylib; sourceTree = "<group>"; };
		A1FAC93A1AE7C21C0038943B /* libopencv_gpu.2.4.11.dylib */ = {isa = PBXFileReference; lastKnownFileType = "compiled.mach-o.dylib"; name = libopencv_gpu.2.4.11.dylib; path = ../../../../usr/local/Cellar/opencv/2.4.11/lib/libopencv_gpu.2.4.11.dylib; sourceTree = "<group>"; };
		A1FAC93B1AE7C21C0038943B /* libopencv_gpu.2.4.11.dylib */ = {isa = PBXFileReference; lastKnownFileType = "compiled.mach-o.dylib"; name = libopencv_gpu.2.4.11.dylib; path = ../../../../usr/local/Cellar/opencv/2.4.11/lib/libopencv_gpu.2.4.11.dylib; sourceTree = "<group>"; };
		A1FAC93C1AE7C21C0038943B /* libopencv_gpu.2.4.11.dylib */ = {isa = PBXFileReference; lastKnownFileType = "compiled.mach-o.dylib"; name = libopencv_gpu.2.4.11.dylib; path = ../../../../usr/local/Cellar/opencv/2.4.11/lib/libopencv_gpu.2.4.11.dylib; sourceTree = "<group>"; };
		A1FAC93D1AE7C21C0038943B /* libopencv_highgui.2.4.11.dylib */ = {isa = PBXFileReference; lastKnownFileType = "compiled.mach-o.dylib"; name = libopencv_highgui.2.4.11.dylib; path = ../../../../usr/local/Cellar/opencv/2.4.11/lib/libopencv_highgui.2.4.11.dylib; sourceTree = "<group>"; };
		A1FAC93E1AE7C21C0038943B /* libopencv_highgui.2.4.11.dylib */ = {isa = PBXFileReference; lastKnownFileType = "compiled.mach-o.dylib"; name = libopencv_highgui.2.4.11.dylib; path = ../../../../usr/local/Cellar/opencv/2.4.11/lib/libopencv_highgui.2.4.11.dylib; sourceTree = "<group>"; };
		A1FAC93F1AE7C21C0038943B /* libopencv_highgui.2.4.11.dylib */ = {isa = PBXFileReference; lastKnownFileType = "compiled.mach-o.dylib"; name = libopencv_highgui.2.4.11.dylib; path = ../../../../usr/local/Cellar/opencv/2.4.11/lib/libopencv_highgui.2.4.11.dylib; sourceTree = "<group>"; };
		A1FAC9401AE7C21C0038943B /* libopencv_imgproc.2.4.11.dylib */ = {isa = PBXFileReference; lastKnownFileType = "compiled.mach-o.dylib"; name = libopencv_imgproc.2.4.11.dylib; path = ../../../../usr/local/Cellar/opencv/2.4.11/lib/libopencv_imgproc.2.4.11.dylib; sourceTree = "<group>"; };
		A1FAC9411AE7C21C0038943B /* libopencv_imgproc.2.4.11.dylib */ = {isa = PBXFileReference; lastKnownFileType = "compiled.mach-o.dylib"; name = libopencv_imgproc.2.4.11.dylib; path = ../../../../usr/local/Cellar/opencv/2.4.11/lib/libopencv_imgproc.2.4.11.dylib; sourceTree = "<group>"; };
		A1FAC9421AE7C21C0038943B /* libopencv_imgproc.2.4.11.dylib */ = {isa = PBXFileReference; lastKnownFileType = "compiled.mach-o.dylib"; name = libopencv_imgproc.2.4.11.dylib; path = ../../../../usr/local/Cellar/opencv/2.4.11/lib/libopencv_imgproc.2.4.11.dylib; sourceTree = "<group>"; };
		A1FAC9431AE7C21C0038943B /* libopencv_legacy.2.4.11.dylib */ = {isa = PBXFileReference; lastKnownFileType = "compiled.mach-o.dylib"; name = libopencv_legacy.2.4.11.dylib; path = ../../../../usr/local/Cellar/opencv/2.4.11/lib/libopencv_legacy.2.4.11.dylib; sourceTree = "<group>"; };
		A1FAC9441AE7C21C0038943B /* libopencv_legacy.2.4.11.dylib */ = {isa = PBXFileReference; lastKnownFileType = "compiled.mach-o.dylib"; name = libopencv_legacy.2.4.11.dylib; path = ../../../../usr/local/Cellar/opencv/2.4.11/lib/libopencv_legacy.2.4.11.dylib; sourceTree = "<group>"; };
		A1FAC9451AE7C21C0038943B /* libopencv_legacy.2.4.11.dylib */ = {isa = PBXFileReference; lastKnownFileType = "compiled.mach-o.dylib"; name = libopencv_legacy.2.4.11.dylib; path = ../../../../usr/local/Cellar/opencv/2.4.11/lib/libopencv_legacy.2.4.11.dylib; sourceTree = "<group>"; };
		A1FAC9461AE7C21C0038943B /* libopencv_ml.2.4.11.dylib */ = {isa = PBXFileReference; lastKnownFileType = "compiled.mach-o.dylib"; name = libopencv_ml.2.4.11.dylib; path = ../../../../usr/local/Cellar/opencv/2.4.11/lib/libopencv_ml.2.4.11.dylib; sourceTree = "<group>"; };
		A1FAC9471AE7C21C0038943B /* libopencv_ml.2.4.11.dylib */ = {isa = PBXFileReference; lastKnownFileType = "compiled.mach-o.dylib"; name = libopencv_ml.2.4.11.dylib; path = ../../../../usr/local/Cellar/opencv/2.4.11/lib/libopencv_ml.2.4.11.dylib; sourceTree = "<group>"; };
		A1FAC9481AE7C21C0038943B /* libopencv_ml.2.4.11.dylib */ = {isa = PBXFileReference; lastKnownFileType = "compiled.mach-o.dylib"; name = libopencv_ml.2.4.11.dylib; path = ../../../../usr/local/Cellar/opencv/2.4.11/lib/libopencv_ml.2.4.11.dylib; sourceTree = "<group>"; };
		A1FAC9491AE7C21C0038943B /* libopencv_nonfree.2.4.11.dylib */ = {isa = PBXFileReference; lastKnownFileType = "compiled.mach-o.dylib"; name = libopencv_nonfree.2.4.11.dylib; path = ../../../../usr/local/Cellar/opencv/2.4.11/lib/libopencv_nonfree.2.4.11.dylib; sourceTree = "<group>"; };
		A1FAC94A1AE7C21C0038943B /* libopencv_nonfree.2.4.11.dylib */ = {isa = PBXFileReference; lastKnownFileType = "compiled.mach-o.dylib"; name = libopencv_nonfree.2.4.11.dylib; path = ../../../../usr/local/Cellar/opencv/2.4.11/lib/libopencv_nonfree.2.4.11.dylib; sourceTree = "<group>"; };
		A1FAC94B1AE7C21C0038943B /* libopencv_nonfree.2.4.11.dylib */ = {isa = PBXFileReference; lastKnownFileType = "compiled.mach-o.dylib"; name = libopencv_nonfree.2.4.11.dylib; path = ../../../../usr/local/Cellar/opencv/2.4.11/lib/libopencv_nonfree.2.4.11.dylib; sourceTree = "<group>"; };
		A1FAC94C1AE7C21C0038943B /* libopencv_objdetect.2.4.11.dylib */ = {isa = PBXFileReference; lastKnownFileType = "compiled.mach-o.dylib"; name = libopencv_objdetect.2.4.11.dylib; path = ../../../../usr/local/Cellar/opencv/2.4.11/lib/libopencv_objdetect.2.4.11.dylib; sourceTree = "<group>"; };
		A1FAC94D1AE7C21C0038943B /* libopencv_objdetect.2.4.11.dylib */ = {isa = PBXFileReference; lastKnownFileType = "compiled.mach-o.dylib"; name = libopencv_objdetect.2.4.11.dylib; path = ../../../../usr/local/Cellar/opencv/2.4.11/lib/libopencv_objdetect.2.4.11.dylib; sourceTree = "<group>"; };
		A1FAC94E1AE7C21C0038943B /* libopencv_objdetect.2.4.11.dylib */ = {isa = PBXFileReference; lastKnownFileType = "compiled.mach-o.dylib"; name = libopencv_objdetect.2.4.11.dylib; path = ../../../../usr/local/Cellar/opencv/2.4.11/lib/libopencv_objdetect.2.4.11.dylib; sourceTree = "<group>"; };
		A1FAC94F1AE7C21C0038943B /* libopencv_ocl.2.4.11.dylib */ = {isa = PBXFileReference; lastKnownFileType = "compiled.mach-o.dylib"; name = libopencv_ocl.2.4.11.dylib; path = ../../../../usr/local/Cellar/opencv/2.4.11/lib/libopencv_ocl.2.4.11.dylib; sourceTree = "<group>"; };
		A1FAC9501AE7C21C0038943B /* libopencv_ocl.2.4.11.dylib */ = {isa = PBXFileReference; lastKnownFileType = "compiled.mach-o.dylib"; name = libopencv_ocl.2.4.11.dylib; path = ../../../../usr/local/Cellar/opencv/2.4.11/lib/libopencv_ocl.2.4.11.dylib; sourceTree = "<group>"; };
		A1FAC9511AE7C21C0038943B /* libopencv_ocl.2.4.11.dylib */ = {isa = PBXFileReference; lastKnownFileType = "compiled.mach-o.dylib"; name = libopencv_ocl.2.4.11.dylib; path = ../../../../usr/local/Cellar/opencv/2.4.11/lib/libopencv_ocl.2.4.11.dylib; sourceTree = "<group>"; };
		A1FAC9521AE7C21C0038943B /* libopencv_photo.2.4.11.dylib */ = {isa = PBXFileReference; lastKnownFileType = "compiled.mach-o.dylib"; name = libopencv_photo.2.4.11.dylib; path = ../../../../usr/local/Cellar/opencv/2.4.11/lib/libopencv_photo.2.4.11.dylib; sourceTree = "<group>"; };
		A1FAC9531AE7C21C0038943B /* libopencv_photo.2.4.11.dylib */ = {isa = PBXFileReference; lastKnownFileType = "compiled.mach-o.dylib"; name = libopencv_photo.2.4.11.dylib; path = ../../../../usr/local/Cellar/opencv/2.4.11/lib/libopencv_photo.2.4.11.dylib; sourceTree = "<group>"; };
		A1FAC9541AE7C21C0038943B /* libopencv_photo.2.4.11.dylib */ = {isa = PBXFileReference; lastKnownFileType = "compiled.mach-o.dylib"; name = libopencv_photo.2.4.11.dylib; path = ../../../../usr/local/Cellar/opencv/2.4.11/lib/libopencv_photo.2.4.11.dylib; sourceTree = "<group>"; };
		A1FAC9551AE7C21C0038943B /* libopencv_stitching.2.4.11.dylib */ = {isa = PBXFileReference; lastKnownFileType = "compiled.mach-o.dylib"; name = libopencv_stitching.2.4.11.dylib; path = ../../../../usr/local/Cellar/opencv/2.4.11/lib/libopencv_stitching.2.4.11.dylib; sourceTree = "<group>"; };
		A1FAC9561AE7C21C0038943B /* libopencv_stitching.2.4.11.dylib */ = {isa = PBXFileReference; lastKnownFileType = "compiled.mach-o.dylib"; name = libopencv_stitching.2.4.11.dylib; path = ../../../../usr/local/Cellar/opencv/2.4.11/lib/libopencv_stitching.2.4.11.dylib; sourceTree = "<group>"; };
		A1FAC9571AE7C21C0038943B /* libopencv_stitching.2.4.11.dylib */ = {isa = PBXFileReference; lastKnownFileType = "compiled.mach-o.dylib"; name = libopencv_stitching.2.4.11.dylib; path = ../../../../usr/local/Cellar/opencv/2.4.11/lib/libopencv_stitching.2.4.11.dylib; sourceTree = "<group>"; };
		A1FAC9581AE7C21C0038943B /* libopencv_superres.2.4.11.dylib */ = {isa = PBXFileReference; lastKnownFileType = "compiled.mach-o.dylib"; name = libopencv_superres.2.4.11.dylib; path = ../../../../usr/local/Cellar/opencv/2.4.11/lib/libopencv_superres.2.4.11.dylib; sourceTree = "<group>"; };
		A1FAC9591AE7C21C0038943B /* libopencv_superres.2.4.11.dylib */ = {isa = PBXFileReference; lastKnownFileType = "compiled.mach-o.dylib"; name = libopencv_superres.2.4.11.dylib; path = ../../../../usr/local/Cellar/opencv/2.4.11/lib/libopencv_superres.2.4.11.dylib; sourceTree = "<group>"; };
		A1FAC95A1AE7C21C0038943B /* libopencv_superres.2.4.11.dylib */ = {isa = PBXFileReference; lastKnownFileType = "compiled.mach-o.dylib"; name = libopencv_superres.2.4.11.dylib; path = ../../../../usr/local/Cellar/opencv/2.4.11/lib/libopencv_superres.2.4.11.dylib; sourceTree = "<group>"; };
		A1FAC95B1AE7C21C0038943B /* libopencv_ts.a */ = {isa = PBXFileReference; lastKnownFileType = archive.ar; name = libopencv_ts.a; path = ../../../../usr/local/Cellar/opencv/2.4.11/lib/libopencv_ts.a; sourceTree = "<group>"; };
		A1FAC95C1AE7C21C0038943B /* libopencv_video.2.4.11.dylib */ = {isa = PBXFileReference; lastKnownFileType = "compiled.mach-o.dylib"; name = libopencv_video.2.4.11.dylib; path = ../../../../usr/local/Cellar/opencv/2.4.11/lib/libopencv_video.2.4.11.dylib; sourceTree = "<group>"; };
		A1FAC95D1AE7C21C0038943B /* libopencv_video.2.4.11.dylib */ = {isa = PBXFileReference; lastKnownFileType = "compiled.mach-o.dylib"; name = libopencv_video.2.4.11.dylib; path = ../../../../usr/local/Cellar/opencv/2.4.11/lib/libopencv_video.2.4.11.dylib; sourceTree = "<group>"; };
		A1FAC95E1AE7C21C0038943B /* libopencv_video.2.4.11.dylib */ = {isa = PBXFileReference; lastKnownFileType = "compiled.mach-o.dylib"; name = libopencv_video.2.4.11.dylib; path = ../../../../usr/local/Cellar/opencv/2.4.11/lib/libopencv_video.2.4.11.dylib; sourceTree = "<group>"; };
		A1FAC95F1AE7C21C0038943B /* libopencv_videostab.2.4.11.dylib */ = {isa = PBXFileReference; lastKnownFileType = "compiled.mach-o.dylib"; name = libopencv_videostab.2.4.11.dylib; path = ../../../../usr/local/Cellar/opencv/2.4.11/lib/libopencv_videostab.2.4.11.dylib; sourceTree = "<group>"; };
		A1FAC9601AE7C21C0038943B /* libopencv_videostab.2.4.11.dylib */ = {isa = PBXFileReference; lastKnownFileType = "compiled.mach-o.dylib"; name = libopencv_videostab.2.4.11.dylib; path = ../../../../usr/local/Cellar/opencv/2.4.11/lib/libopencv_videostab.2.4.11.dylib; sourceTree = "<group>"; };
		A1FAC9611AE7C21C0038943B /* libopencv_videostab.2.4.11.dylib */ = {isa = PBXFileReference; lastKnownFileType = "compiled.mach-o.dylib"; name = libopencv_videostab.2.4.11.dylib; path = ../../../../usr/local/Cellar/opencv/2.4.11/lib/libopencv_videostab.2.4.11.dylib; sourceTree = "<group>"; };
		A1FACA471AE7C3240038943B /* cv2.so */ = {isa = PBXFileReference; lastKnownFileType = "compiled.mach-o.dylib"; name = cv2.so; path = "../../../../usr/local/Cellar/opencv/2.4.11/lib/python2.7/site-packages/cv2.so"; sourceTree = "<group>"; };
/* End PBXFileReference section */

/* Begin PBXFrameworksBuildPhase section */
		A1FAC83E1AE7B7CB0038943B /* Frameworks */ = {
			isa = PBXFrameworksBuildPhase;
			buildActionMask = 2147483647;
			files = (
				A1FAC9811AE7C21C0038943B /* libopencv_nonfree.2.4.11.dylib in Frameworks */,
				A1FAC9701AE7C21C0038943B /* libopencv_flann.2.4.11.dylib in Frameworks */,
				A1FAC97B1AE7C21C0038943B /* libopencv_legacy.2.4.11.dylib in Frameworks */,
				A1FAC9781AE7C21C0038943B /* libopencv_imgproc.2.4.11.dylib in Frameworks */,
				A1FAC9741AE7C21C0038943B /* libopencv_highgui.2.4.11.dylib in Frameworks */,
				A1FAC9881AE7C21C0038943B /* libopencv_ocl.2.4.11.dylib in Frameworks */,
				A1FAC9731AE7C21C0038943B /* libopencv_gpu.2.4.11.dylib in Frameworks */,
				A1FAC9791AE7C21C0038943B /* libopencv_imgproc.2.4.11.dylib in Frameworks */,
				A1FAC9761AE7C21C0038943B /* libopencv_highgui.2.4.11.dylib in Frameworks */,
				A1FAC9671AE7C21C0038943B /* libopencv_contrib.2.4.11.dylib in Frameworks */,
				A1FAC97C1AE7C21C0038943B /* libopencv_legacy.2.4.11.dylib in Frameworks */,
				A1FAC9851AE7C21C0038943B /* libopencv_objdetect.2.4.11.dylib in Frameworks */,
				A1FAC9721AE7C21C0038943B /* libopencv_gpu.2.4.11.dylib in Frameworks */,
				A1FAC9911AE7C21C0038943B /* libopencv_superres.2.4.11.dylib in Frameworks */,
				A1FAC9801AE7C21C0038943B /* libopencv_nonfree.2.4.11.dylib in Frameworks */,
				A1FAC96D1AE7C21C0038943B /* libopencv_features2d.2.4.11.dylib in Frameworks */,
				A1FAC9971AE7C21C0038943B /* libopencv_videostab.2.4.11.dylib in Frameworks */,
				A1FAC9951AE7C21C0038943B /* libopencv_video.2.4.11.dylib in Frameworks */,
				A1FAC9691AE7C21C0038943B /* libopencv_core.2.4.11.dylib in Frameworks */,
				A1FAC98E1AE7C21C0038943B /* libopencv_stitching.2.4.11.dylib in Frameworks */,
				A1FAC9651AE7C21C0038943B /* libopencv_contrib.2.4.11.dylib in Frameworks */,
				A1FAC9661AE7C21C0038943B /* libopencv_contrib.2.4.11.dylib in Frameworks */,
				A1FAC9941AE7C21C0038943B /* libopencv_video.2.4.11.dylib in Frameworks */,
				A1FAC9831AE7C21C0038943B /* libopencv_objdetect.2.4.11.dylib in Frameworks */,
				A1FAC98A1AE7C21C0038943B /* libopencv_photo.2.4.11.dylib in Frameworks */,
				A1FAC98D1AE7C21C0038943B /* libopencv_stitching.2.4.11.dylib in Frameworks */,
				A1FAC9891AE7C21C0038943B /* libopencv_photo.2.4.11.dylib in Frameworks */,
				A1FAC97A1AE7C21C0038943B /* libopencv_legacy.2.4.11.dylib in Frameworks */,
				A1FAC9641AE7C21C0038943B /* libopencv_calib3d.2.4.11.dylib in Frameworks */,
				A1FAC9931AE7C21C0038943B /* libopencv_video.2.4.11.dylib in Frameworks */,
				A1FAC9841AE7C21C0038943B /* libopencv_objdetect.2.4.11.dylib in Frameworks */,
				A1FAC9921AE7C21C0038943B /* libopencv_ts.a in Frameworks */,
				A1FAC9621AE7C21C0038943B /* libopencv_calib3d.2.4.11.dylib in Frameworks */,
				A1FAC9961AE7C21C0038943B /* libopencv_videostab.2.4.11.dylib in Frameworks */,
				A1FAC96C1AE7C21C0038943B /* libopencv_features2d.2.4.11.dylib in Frameworks */,
				A1FAC97E1AE7C21C0038943B /* libopencv_ml.2.4.11.dylib in Frameworks */,
				A1FAC97F1AE7C21C0038943B /* libopencv_ml.2.4.11.dylib in Frameworks */,
				A1FAC9751AE7C21C0038943B /* libopencv_highgui.2.4.11.dylib in Frameworks */,
				A1FAC98F1AE7C21C0038943B /* libopencv_superres.2.4.11.dylib in Frameworks */,
				A1FAC96F1AE7C21C0038943B /* libopencv_flann.2.4.11.dylib in Frameworks */,
				A1FAC98C1AE7C21C0038943B /* libopencv_stitching.2.4.11.dylib in Frameworks */,
				A1FACA481AE7C3240038943B /* cv2.so in Frameworks */,
				A1FAC9681AE7C21C0038943B /* libopencv_core.2.4.11.dylib in Frameworks */,
				A1FAC9711AE7C21C0038943B /* libopencv_gpu.2.4.11.dylib in Frameworks */,
				A1FAC96E1AE7C21C0038943B /* libopencv_flann.2.4.11.dylib in Frameworks */,
				A1FAC9901AE7C21C0038943B /* libopencv_superres.2.4.11.dylib in Frameworks */,
				A1FAC97D1AE7C21C0038943B /* libopencv_ml.2.4.11.dylib in Frameworks */,
				A1FAC9981AE7C21C0038943B /* libopencv_videostab.2.4.11.dylib in Frameworks */,
				A1FAC9871AE7C21C0038943B /* libopencv_ocl.2.4.11.dylib in Frameworks */,
				A1FAC98B1AE7C21C0038943B /* libopencv_photo.2.4.11.dylib in Frameworks */,
				A1FAC9771AE7C21C0038943B /* libopencv_imgproc.2.4.11.dylib in Frameworks */,
				A1FAC96B1AE7C21C0038943B /* libopencv_features2d.2.4.11.dylib in Frameworks */,
				A1FAC96A1AE7C21C0038943B /* libopencv_core.2.4.11.dylib in Frameworks */,
				A1FAC9631AE7C21C0038943B /* libopencv_calib3d.2.4.11.dylib in Frameworks */,
				A1FAC9861AE7C21C0038943B /* libopencv_ocl.2.4.11.dylib in Frameworks */,
				A1FAC9821AE7C21C0038943B /* libopencv_nonfree.2.4.11.dylib in Frameworks */,
			);
			runOnlyForDeploymentPostprocessing = 0;
		};
/* End PBXFrameworksBuildPhase section */

/* Begin PBXGroup section */
		A1FAC8381AE7B7CB0038943B = {
			isa = PBXGroup;
			children = (
				A1FACA471AE7C3240038943B /* cv2.so */,
				A1FAC92B1AE7C21C0038943B /* libopencv_calib3d.2.4.11.dylib */,
				A1FAC92C1AE7C21C0038943B /* libopencv_calib3d.2.4.11.dylib */,
				A1FAC92D1AE7C21C0038943B /* libopencv_calib3d.2.4.11.dylib */,
				A1FAC92E1AE7C21C0038943B /* libopencv_contrib.2.4.11.dylib */,
				A1FAC92F1AE7C21C0038943B /* libopencv_contrib.2.4.11.dylib */,
				A1FAC9301AE7C21C0038943B /* libopencv_contrib.2.4.11.dylib */,
				A1FAC9311AE7C21C0038943B /* libopencv_core.2.4.11.dylib */,
				A1FAC9321AE7C21C0038943B /* libopencv_core.2.4.11.dylib */,
				A1FAC9331AE7C21C0038943B /* libopencv_core.2.4.11.dylib */,
				A1FAC9341AE7C21C0038943B /* libopencv_features2d.2.4.11.dylib */,
				A1FAC9351AE7C21C0038943B /* libopencv_features2d.2.4.11.dylib */,
				A1FAC9361AE7C21C0038943B /* libopencv_features2d.2.4.11.dylib */,
				A1FAC9371AE7C21C0038943B /* libopencv_flann.2.4.11.dylib */,
				A1FAC9381AE7C21C0038943B /* libopencv_flann.2.4.11.dylib */,
				A1FAC9391AE7C21C0038943B /* libopencv_flann.2.4.11.dylib */,
				A1FAC93A1AE7C21C0038943B /* libopencv_gpu.2.4.11.dylib */,
				A1FAC93B1AE7C21C0038943B /* libopencv_gpu.2.4.11.dylib */,
				A1FAC93C1AE7C21C0038943B /* libopencv_gpu.2.4.11.dylib */,
				A1FAC93D1AE7C21C0038943B /* libopencv_highgui.2.4.11.dylib */,
				A1FAC93E1AE7C21C0038943B /* libopencv_highgui.2.4.11.dylib */,
				A1FAC93F1AE7C21C0038943B /* libopencv_highgui.2.4.11.dylib */,
				A1FAC9401AE7C21C0038943B /* libopencv_imgproc.2.4.11.dylib */,
				A1FAC9411AE7C21C0038943B /* libopencv_imgproc.2.4.11.dylib */,
				A1FAC9421AE7C21C0038943B /* libopencv_imgproc.2.4.11.dylib */,
				A1FAC9431AE7C21C0038943B /* libopencv_legacy.2.4.11.dylib */,
				A1FAC9441AE7C21C0038943B /* libopencv_legacy.2.4.11.dylib */,
				A1FAC9451AE7C21C0038943B /* libopencv_legacy.2.4.11.dylib */,
				A1FAC9461AE7C21C0038943B /* libopencv_ml.2.4.11.dylib */,
				A1FAC9471AE7C21C0038943B /* libopencv_ml.2.4.11.dylib */,
				A1FAC9481AE7C21C0038943B /* libopencv_ml.2.4.11.dylib */,
				A1FAC9491AE7C21C0038943B /* libopencv_nonfree.2.4.11.dylib */,
				A1FAC94A1AE7C21C0038943B /* libopencv_nonfree.2.4.11.dylib */,
				A1FAC94B1AE7C21C0038943B /* libopencv_nonfree.2.4.11.dylib */,
				A1FAC94C1AE7C21C0038943B /* libopencv_objdetect.2.4.11.dylib */,
				A1FAC94D1AE7C21C0038943B /* libopencv_objdetect.2.4.11.dylib */,
				A1FAC94E1AE7C21C0038943B /* libopencv_objdetect.2.4.11.dylib */,
				A1FAC94F1AE7C21C0038943B /* libopencv_ocl.2.4.11.dylib */,
				A1FAC9501AE7C21C0038943B /* libopencv_ocl.2.4.11.dylib */,
				A1FAC9511AE7C21C0038943B /* libopencv_ocl.2.4.11.dylib */,
				A1FAC9521AE7C21C0038943B /* libopencv_photo.2.4.11.dylib */,
				A1FAC9531AE7C21C0038943B /* libopencv_photo.2.4.11.dylib */,
				A1FAC9541AE7C21C0038943B /* libopencv_photo.2.4.11.dylib */,
				A1FAC9551AE7C21C0038943B /* libopencv_stitching.2.4.11.dylib */,
				A1FAC9561AE7C21C0038943B /* libopencv_stitching.2.4.11.dylib */,
				A1FAC9571AE7C21C0038943B /* libopencv_stitching.2.4.11.dylib */,
				A1FAC9581AE7C21C0038943B /* libopencv_superres.2.4.11.dylib */,
				A1FAC9591AE7C21C0038943B /* libopencv_superres.2.4.11.dylib */,
				A1FAC95A1AE7C21C0038943B /* libopencv_superres.2.4.11.dylib */,
				A1FAC95B1AE7C21C0038943B /* libopencv_ts.a */,
				A1FAC95C1AE7C21C0038943B /* libopencv_video.2.4.11.dylib */,
				A1FAC95D1AE7C21C0038943B /* libopencv_video.2.4.11.dylib */,
				A1FAC95E1AE7C21C0038943B /* libopencv_video.2.4.11.dylib */,
				A1FAC95F1AE7C21C0038943B /* libopencv_videostab.2.4.11.dylib */,
				A1FAC9601AE7C21C0038943B /* libopencv_videostab.2.4.11.dylib */,
				A1FAC9611AE7C21C0038943B /* libopencv_videostab.2.4.11.dylib */,
				A1FAC8431AE7B7CB0038943B /* back */,
				A1FAC8421AE7B7CB0038943B /* Products */,
			);
			sourceTree = "<group>";
		};
		A1FAC8421AE7B7CB0038943B /* Products */ = {
			isa = PBXGroup;
			children = (
				A1FAC8411AE7B7CB0038943B /* back */,
			);
			name = Products;
			sourceTree = "<group>";
		};
		A1FAC8431AE7B7CB0038943B /* back */ = {
			isa = PBXGroup;
			children = (
				A1FAC84B1AE7B7FE0038943B /* main.cpp */,
			);
			path = back;
			sourceTree = "<group>";
		};
/* End PBXGroup section */

/* Begin PBXNativeTarget section */
		A1FAC8401AE7B7CB0038943B /* back */ = {
			isa = PBXNativeTarget;
			buildConfigurationList = A1FAC8481AE7B7CB0038943B /* Build configuration list for PBXNativeTarget "back" */;
			buildPhases = (
				A1FAC83D1AE7B7CB0038943B /* Sources */,
				A1FAC83E1AE7B7CB0038943B /* Frameworks */,
				A1FAC83F1AE7B7CB0038943B /* CopyFiles */,
			);
			buildRules = (
			);
			dependencies = (
			);
			name = back;
			productName = back;
			productReference = A1FAC8411AE7B7CB0038943B /* back */;
			productType = "com.apple.product-type.tool";
		};
/* End PBXNativeTarget section */

/* Begin PBXProject section */
		A1FAC8391AE7B7CB0038943B /* Project object */ = {
			isa = PBXProject;
			attributes = {
				LastUpgradeCheck = 0630;
				ORGANIZATIONNAME = "劉彥麟";
				TargetAttributes = {
					A1FAC8401AE7B7CB0038943B = {
						CreatedOnToolsVersion = 6.3;
					};
				};
			};
			buildConfigurationList = A1FAC83C1AE7B7CB0038943B /* Build configuration list for PBXProject "back" */;
			compatibilityVersion = "Xcode 3.2";
			developmentRegion = English;
			hasScannedForEncodings = 0;
			knownRegions = (
				en,
			);
			mainGroup = A1FAC8381AE7B7CB0038943B;
			productRefGroup = A1FAC8421AE7B7CB0038943B /* Products */;
			projectDirPath = "";
			projectRoot = "";
			targets = (
				A1FAC8401AE7B7CB0038943B /* back */,
			);
		};
/* End PBXProject section */

/* Begin PBXSourcesBuildPhase section */
		A1FAC83D1AE7B7CB0038943B /* Sources */ = {
			isa = PBXSourcesBuildPhase;
			buildActionMask = 2147483647;
			files = (
				A1FAC84C1AE7B7FE0038943B /* main.cpp in Sources */,
			);
			runOnlyForDeploymentPostprocessing = 0;
		};
/* End PBXSourcesBuildPhase section */

/* Begin XCBuildConfiguration section */
		A1FAC8461AE7B7CB0038943B /* Debug */ = {
			isa = XCBuildConfiguration;
			buildSettings = {
				ALWAYS_SEARCH_USER_PATHS = NO;
				CLANG_CXX_LANGUAGE_STANDARD = "gnu++0x";
				CLANG_CXX_LIBRARY = "libc++";
				CLANG_ENABLE_MODULES = YES;
				CLANG_ENABLE_OBJC_ARC = YES;
				CLANG_WARN_BOOL_CONVERSION = YES;
				CLANG_WARN_CONSTANT_CONVERSION = YES;
				CLANG_WARN_DIRECT_OBJC_ISA_USAGE = YES_ERROR;
				CLANG_WARN_EMPTY_BODY = YES;
				CLANG_WARN_ENUM_CONVERSION = YES;
				CLANG_WARN_INT_CONVERSION = YES;
				CLANG_WARN_OBJC_ROOT_CLASS = YES_ERROR;
				CLANG_WARN_UNREACHABLE_CODE = YES;
				CLANG_WARN__DUPLICATE_METHOD_MATCH = YES;
				COPY_PHASE_STRIP = NO;
				DEBUG_INFORMATION_FORMAT = dwarf;
				ENABLE_STRICT_OBJC_MSGSEND = YES;
				GCC_C_LANGUAGE_STANDARD = gnu99;
				GCC_DYNAMIC_NO_PIC = NO;
				GCC_NO_COMMON_BLOCKS = YES;
				GCC_OPTIMIZATION_LEVEL = 0;
				GCC_PREPROCESSOR_DEFINITIONS = (
					"DEBUG=1",
					"$(inherited)",
				);
				GCC_SYMBOLS_PRIVATE_EXTERN = NO;
				GCC_WARN_64_TO_32_BIT_CONVERSION = YES;
				GCC_WARN_ABOUT_RETURN_TYPE = YES_ERROR;
				GCC_WARN_UNDECLARED_SELECTOR = YES;
				GCC_WARN_UNINITIALIZED_AUTOS = YES_AGGRESSIVE;
				GCC_WARN_UNUSED_FUNCTION = YES;
				GCC_WARN_UNUSED_VARIABLE = YES;
				MACOSX_DEPLOYMENT_TARGET = 10.10;
				MTL_ENABLE_DEBUG_INFO = YES;
				ONLY_ACTIVE_ARCH = YES;
				SDKROOT = macosx;
			};
			name = Debug;
		};
		A1FAC8471AE7B7CB0038943B /* Release */ = {
			isa = XCBuildConfiguration;
			buildSettings = {
				ALWAYS_SEARCH_USER_PATHS = NO;
				CLANG_CXX_LANGUAGE_STANDARD = "gnu++0x";
				CLANG_CXX_LIBRARY = "libc++";
				CLANG_ENABLE_MODULES = YES;
				CLANG_ENABLE_OBJC_ARC = YES;
				CLANG_WARN_BOOL_CONVERSION = YES;
				CLANG_WARN_CONSTANT_CONVERSION = YES;
				CLANG_WARN_DIRECT_OBJC_ISA_USAGE = YES_ERROR;
				CLANG_WARN_EMPTY_BODY = YES;
				CLANG_WARN_ENUM_CONVERSION = YES;
				CLANG_WARN_INT_CONVERSION = YES;
				CLANG_WARN_OBJC_ROOT_CLASS = YES_ERROR;
				CLANG_WARN_UNREACHABLE_CODE = YES;
				CLANG_WARN__DUPLICATE_METHOD_MATCH = YES;
				COPY_PHASE_STRIP = NO;
				DEBUG_INFORMATION_FORMAT = "dwarf-with-dsym";
				ENABLE_NS_ASSERTIONS = NO;
				ENABLE_STRICT_OBJC_MSGSEND = YES;
				GCC_C_LANGUAGE_STANDARD = gnu99;
				GCC_NO_COMMON_BLOCKS = YES;
				GCC_WARN_64_TO_32_BIT_CONVERSION = YES;
				GCC_WARN_ABOUT_RETURN_TYPE = YES_ERROR;
				GCC_WARN_UNDECLARED_SELECTOR = YES;
				GCC_WARN_UNINITIALIZED_AUTOS = YES_AGGRESSIVE;
				GCC_WARN_UNUSED_FUNCTION = YES;
				GCC_WARN_UNUSED_VARIABLE = YES;
				MACOSX_DEPLOYMENT_TARGET = 10.10;
				MTL_ENABLE_DEBUG_INFO = NO;
				SDKROOT = macosx;
			};
			name = Release;
		};
		A1FAC8491AE7B7CB0038943B /* Debug */ = {
			isa = XCBuildConfiguration;
			buildSettings = {
				HEADER_SEARCH_PATHS = (
					"$(inherited)",
					"/usr/local/Cellar/opencv/2.4.11/include/**",
					/Applications/Xcode.app/Contents/Developer/Toolchains/XcodeDefault.xctoolchain/usr/include,
				);
				LIBRARY_SEARCH_PATHS = (
					"$(inherited)",
					/usr/local/lib,
					/usr/local/Cellar/opencv/2.4.11/lib,
					"/usr/local/Cellar/opencv/2.4.11/lib/python2.7/site-packages",
				);
				PRODUCT_NAME = "$(TARGET_NAME)";
			};
			name = Debug;
		};
		A1FAC84A1AE7B7CB0038943B /* Release */ = {
			isa = XCBuildConfiguration;
			buildSettings = {
				HEADER_SEARCH_PATHS = (
					"$(inherited)",
					"/usr/local/Cellar/opencv/2.4.11/include/**",
					/Applications/Xcode.app/Contents/Developer/Toolchains/XcodeDefault.xctoolchain/usr/include,
				);
				LIBRARY_SEARCH_PATHS = (
					"$(inherited)",
					/usr/local/lib,
					/usr/local/Cellar/opencv/2.4.11/lib,
					"/usr/local/Cellar/opencv/2.4.11/lib/python2.7/site-packages",
				);
				PRODUCT_NAME = "$(TARGET_NAME)";
			};
			name = Release;
		};
/* End XCBuildConfiguration section */

/* Begin XCConfigurationList section */
		A1FAC83C1AE7B7CB0038943B /* Build configuration list for PBXProject "back" */ = {
			isa = XCConfigurationList;
			buildConfigurations = (
				A1FAC8461AE7B7CB0038943B /* Debug */,
				A1FAC8471AE7B7CB0038943B /* Release */,
			);
			defaultConfigurationIsVisible = 0;
			defaultConfigurationName = Release;
		};
		A1FAC8481AE7B7CB0038943B /* Build configuration list for PBXNativeTarget "back" */ = {
			isa = XCConfigurationList;
			buildConfigurations = (
				A1FAC8491AE7B7CB0038943B /* Debug */,
				A1FAC84A1AE7B7CB0038943B /* Release */,
			);
			defaultConfigurationIsVisible = 0;
			defaultConfigurationName = Release;
		};
/* End XCConfigurationList section */
	};
	rootObject = A1FAC8391AE7B7CB0038943B /* Project object */;
}
